{
  "pins" : [
    {
      "identity" : "marquee",
      "kind" : "remoteSourceControl",
      "location" : "https://github.com/SwiftUIKit/Marquee.git",
      "state" : {
        "revision" : "69d7b7c6c34ed41d9299cfa8406f91f529c4fef3",
        "version" : "0.3.0"
      }
    },
    {
      "identity" : "vortex",
      "kind" : "remoteSourceControl",
      "location" : "https://github.com/twostraws/Vortex.git",
      "state" : {
        "revision" : "3eabf0572fd37e943be64b9d2589f97f1999cb26",
        "version" : "1.0.0"
      }
    }
  ],
  "version" : 2
}
